// !$*UTF8*$!
{
	archiveVersion = 1;
	classes = {
	};
	objectVersion = 55;
	objects = {

/* Begin PBXBuildFile section */
		7522588B26C146E7007509EC /* ToggleBraceLines.swift in Sources */ = {isa = PBXBuildFile; fileRef = 7522588A26C146E7007509EC /* ToggleBraceLines.swift */; };
		755527AF26C027CB00A27C2C /* SwiftUI_Text_ToolsApp.swift in Sources */ = {isa = PBXBuildFile; fileRef = 755527AE26C027CB00A27C2C /* SwiftUI_Text_ToolsApp.swift */; };
		755527B126C027CB00A27C2C /* ContentView.swift in Sources */ = {isa = PBXBuildFile; fileRef = 755527B026C027CB00A27C2C /* ContentView.swift */; };
		755527B326C027CC00A27C2C /* Assets.xcassets in Resources */ = {isa = PBXBuildFile; fileRef = 755527B226C027CC00A27C2C /* Assets.xcassets */; };
		755527B626C027CC00A27C2C /* Preview Assets.xcassets in Resources */ = {isa = PBXBuildFile; fileRef = 755527B526C027CC00A27C2C /* Preview Assets.xcassets */; };
		755527C326C0282200A27C2C /* Cocoa.framework in Frameworks */ = {isa = PBXBuildFile; fileRef = 755527C226C0282200A27C2C /* Cocoa.framework */; };
		755527C526C0282200A27C2C /* XcodeKit.framework in Frameworks */ = {isa = PBXBuildFile; fileRef = 755527C426C0282200A27C2C /* XcodeKit.framework */; };
		755527C826C0282200A27C2C /* SourceEditorExtension.swift in Sources */ = {isa = PBXBuildFile; fileRef = 755527C726C0282200A27C2C /* SourceEditorExtension.swift */; };
		755527CA26C0282200A27C2C /* ToggleBraceLine.swift in Sources */ = {isa = PBXBuildFile; fileRef = 755527C926C0282200A27C2C /* ToggleBraceLine.swift */; };
		755527CE26C0282200A27C2C /* SwiftUI Xcode Extension.appex in Embed Foundation Extensions */ = {isa = PBXBuildFile; fileRef = 755527C026C0282200A27C2C /* SwiftUI Xcode Extension.appex */; settings = {ATTRIBUTES = (RemoveHeadersOnCopy, ); }; };
		758C10DA26C1D72700B29399 /* FormatLines.swift in Sources */ = {isa = PBXBuildFile; fileRef = 758C10D926C1D72700B29399 /* FormatLines.swift */; };
		759C315226C14DFA00323196 /* XcodeLines.swift in Sources */ = {isa = PBXBuildFile; fileRef = 759C315126C14DFA00323196 /* XcodeLines.swift */; };
		75F1E1E526C07ACE00BCDB46 /* XcodeKit.framework in CopyFiles */ = {isa = PBXBuildFile; fileRef = 755527C426C0282200A27C2C /* XcodeKit.framework */; settings = {ATTRIBUTES = (CodeSignOnCopy, RemoveHeadersOnCopy, ); }; };
		75F1E20026C0890D00BCDB46 /* Indent.swift in Sources */ = {isa = PBXBuildFile; fileRef = 75F1E1FF26C0890C00BCDB46 /* Indent.swift */; };
		75F1E20226C0891F00BCDB46 /* SwiftParser.swift in Sources */ = {isa = PBXBuildFile; fileRef = 75F1E20126C0891F00BCDB46 /* SwiftParser.swift */; };
		75F1E20426C0893800BCDB46 /* Preferences.swift in Sources */ = {isa = PBXBuildFile; fileRef = 75F1E20326C0893800BCDB46 /* Preferences.swift */; };
		75F1E20626C0893F00BCDB46 /* Pref.swift in Sources */ = {isa = PBXBuildFile; fileRef = 75F1E20526C0893F00BCDB46 /* Pref.swift */; };
		75F1E20826C0894500BCDB46 /* Parser.swift in Sources */ = {isa = PBXBuildFile; fileRef = 75F1E20726C0894500BCDB46 /* Parser.swift */; };
		75F1E20A26C0894900BCDB46 /* FormatError.swift in Sources */ = {isa = PBXBuildFile; fileRef = 75F1E20926C0894900BCDB46 /* FormatError.swift */; };
		75F1E20E26C0898A00BCDB46 /* Extension.swift in Sources */ = {isa = PBXBuildFile; fileRef = 75F1E20D26C0898A00BCDB46 /* Extension.swift */; };
		75F1E21026C0899200BCDB46 /* ExtensionChar.swift in Sources */ = {isa = PBXBuildFile; fileRef = 75F1E20F26C0899200BCDB46 /* ExtensionChar.swift */; };
		75F1E21226C0899F00BCDB46 /* ExtensionString.swift in Sources */ = {isa = PBXBuildFile; fileRef = 75F1E21126C0899F00BCDB46 /* ExtensionString.swift */; };
/* End PBXBuildFile section */

/* Begin PBXContainerItemProxy section */
		755527CC26C0282200A27C2C /* PBXContainerItemProxy */ = {
			isa = PBXContainerItemProxy;
			containerPortal = 755527A326C027CB00A27C2C /* Project object */;
			proxyType = 1;
			remoteGlobalIDString = 755527BF26C0282200A27C2C;
			remoteInfo = "SwiftUI Xcode Extension";
		};
/* End PBXContainerItemProxy section */

/* Begin PBXCopyFilesBuildPhase section */
		755527D226C0282300A27C2C /* Embed Foundation Extensions */ = {
			isa = PBXCopyFilesBuildPhase;
			buildActionMask = 2147483647;
			dstPath = "";
			dstSubfolderSpec = 13;
			files = (
				755527CE26C0282200A27C2C /* SwiftUI Xcode Extension.appex in Embed Foundation Extensions */,
			);
			name = "Embed Foundation Extensions";
			runOnlyForDeploymentPostprocessing = 0;
		};
		75F1E1E426C07AAD00BCDB46 /* CopyFiles */ = {
			isa = PBXCopyFilesBuildPhase;
			buildActionMask = 2147483647;
			dstPath = "";
			dstSubfolderSpec = 10;
			files = (
				75F1E1E526C07ACE00BCDB46 /* XcodeKit.framework in CopyFiles */,
			);
			runOnlyForDeploymentPostprocessing = 0;
		};
/* End PBXCopyFilesBuildPhase section */

/* Begin PBXFileReference section */
		7522588A26C146E7007509EC /* ToggleBraceLines.swift */ = {isa = PBXFileReference; lastKnownFileType = sourcecode.swift; path = ToggleBraceLines.swift; sourceTree = "<group>"; };
		755527AB26C027CB00A27C2C /* SwiftUI Text Tools.app */ = {isa = PBXFileReference; explicitFileType = wrapper.application; includeInIndex = 0; path = "SwiftUI Text Tools.app"; sourceTree = BUILT_PRODUCTS_DIR; };
		755527AE26C027CB00A27C2C /* SwiftUI_Text_ToolsApp.swift */ = {isa = PBXFileReference; lastKnownFileType = sourcecode.swift; path = SwiftUI_Text_ToolsApp.swift; sourceTree = "<group>"; };
		755527B026C027CB00A27C2C /* ContentView.swift */ = {isa = PBXFileReference; lastKnownFileType = sourcecode.swift; path = ContentView.swift; sourceTree = "<group>"; };
		755527B226C027CC00A27C2C /* Assets.xcassets */ = {isa = PBXFileReference; lastKnownFileType = folder.assetcatalog; path = Assets.xcassets; sourceTree = "<group>"; };
		755527B526C027CC00A27C2C /* Preview Assets.xcassets */ = {isa = PBXFileReference; lastKnownFileType = folder.assetcatalog; path = "Preview Assets.xcassets"; sourceTree = "<group>"; };
		755527C026C0282200A27C2C /* SwiftUI Xcode Extension.appex */ = {isa = PBXFileReference; explicitFileType = "wrapper.app-extension"; includeInIndex = 0; path = "SwiftUI Xcode Extension.appex"; sourceTree = BUILT_PRODUCTS_DIR; };
		755527C226C0282200A27C2C /* Cocoa.framework */ = {isa = PBXFileReference; lastKnownFileType = wrapper.framework; name = Cocoa.framework; path = System/Library/Frameworks/Cocoa.framework; sourceTree = SDKROOT; };
		755527C426C0282200A27C2C /* XcodeKit.framework */ = {isa = PBXFileReference; lastKnownFileType = wrapper.framework; name = XcodeKit.framework; path = Library/Frameworks/XcodeKit.framework; sourceTree = DEVELOPER_DIR; };
		755527C726C0282200A27C2C /* SourceEditorExtension.swift */ = {isa = PBXFileReference; lastKnownFileType = sourcecode.swift; path = SourceEditorExtension.swift; sourceTree = "<group>"; };
		755527C926C0282200A27C2C /* ToggleBraceLine.swift */ = {isa = PBXFileReference; lastKnownFileType = sourcecode.swift; path = ToggleBraceLine.swift; sourceTree = "<group>"; };
		755527CB26C0282200A27C2C /* Info.plist */ = {isa = PBXFileReference; lastKnownFileType = text.plist.xml; path = Info.plist; sourceTree = "<group>"; };
		755527D526C02A3F00A27C2C /* SwiftUI Xcode Extension.entitlements */ = {isa = PBXFileReference; lastKnownFileType = text.plist.entitlements; path = "SwiftUI Xcode Extension.entitlements"; sourceTree = "<group>"; };
		755527D626C02B9300A27C2C /* Comments.playground */ = {isa = PBXFileReference; lastKnownFileType = file.playground; path = Comments.playground; sourceTree = "<group>"; xcLanguageSpecificationIdentifier = xcode.lang.swift; };
		757AB17726C1611B00641D57 /* README.md */ = {isa = PBXFileReference; lastKnownFileType = net.daringfireball.markdown; path = README.md; sourceTree = "<group>"; };
		758C10D826C1C05600B29399 /* ExtensionCGKeyCode.swift */ = {isa = PBXFileReference; lastKnownFileType = sourcecode.swift; path = ExtensionCGKeyCode.swift; sourceTree = "<group>"; };
		758C10D926C1D72700B29399 /* FormatLines.swift */ = {isa = PBXFileReference; lastKnownFileType = sourcecode.swift; path = FormatLines.swift; sourceTree = "<group>"; };
		759C315126C14DFA00323196 /* XcodeLines.swift */ = {isa = PBXFileReference; lastKnownFileType = sourcecode.swift; path = XcodeLines.swift; sourceTree = "<group>"; };
		75F1E1FF26C0890C00BCDB46 /* Indent.swift */ = {isa = PBXFileReference; lastKnownFileType = sourcecode.swift; path = Indent.swift; sourceTree = "<group>"; };
		75F1E20126C0891F00BCDB46 /* SwiftParser.swift */ = {isa = PBXFileReference; lastKnownFileType = sourcecode.swift; path = SwiftParser.swift; sourceTree = "<group>"; };
		75F1E20326C0893800BCDB46 /* Preferences.swift */ = {isa = PBXFileReference; lastKnownFileType = sourcecode.swift; path = Preferences.swift; sourceTree = "<group>"; };
		75F1E20526C0893F00BCDB46 /* Pref.swift */ = {isa = PBXFileReference; lastKnownFileType = sourcecode.swift; path = Pref.swift; sourceTree = "<group>"; };
		75F1E20726C0894500BCDB46 /* Parser.swift */ = {isa = PBXFileReference; lastKnownFileType = sourcecode.swift; path = Parser.swift; sourceTree = "<group>"; };
		75F1E20926C0894900BCDB46 /* FormatError.swift */ = {isa = PBXFileReference; lastKnownFileType = sourcecode.swift; path = FormatError.swift; sourceTree = "<group>"; };
		75F1E20D26C0898A00BCDB46 /* Extension.swift */ = {isa = PBXFileReference; lastKnownFileType = sourcecode.swift; path = Extension.swift; sourceTree = "<group>"; };
		75F1E20F26C0899200BCDB46 /* ExtensionChar.swift */ = {isa = PBXFileReference; lastKnownFileType = sourcecode.swift; path = ExtensionChar.swift; sourceTree = "<group>"; };
		75F1E21126C0899F00BCDB46 /* ExtensionString.swift */ = {isa = PBXFileReference; lastKnownFileType = sourcecode.swift; path = ExtensionString.swift; sourceTree = "<group>"; };
/* End PBXFileReference section */

/* Begin PBXFrameworksBuildPhase section */
		755527A826C027CB00A27C2C /* Frameworks */ = {
			isa = PBXFrameworksBuildPhase;
			buildActionMask = 2147483647;
			files = (
			);
			runOnlyForDeploymentPostprocessing = 0;
		};
		755527BD26C0282200A27C2C /* Frameworks */ = {
			isa = PBXFrameworksBuildPhase;
			buildActionMask = 2147483647;
			files = (
				755527C326C0282200A27C2C /* Cocoa.framework in Frameworks */,
				755527C526C0282200A27C2C /* XcodeKit.framework in Frameworks */,
			);
			runOnlyForDeploymentPostprocessing = 0;
		};
/* End PBXFrameworksBuildPhase section */

/* Begin PBXGroup section */
		755527A226C027CB00A27C2C = {
			isa = PBXGroup;
			children = (
				757AB17726C1611B00641D57 /* README.md */,
				755527D626C02B9300A27C2C /* Comments.playground */,
				75F1E21326C089E300BCDB46 /* Extension */,
				75F1E20B26C0896200BCDB46 /* Parser */,
				755527AD26C027CB00A27C2C /* SwiftUI Text Tools */,
				755527C626C0282200A27C2C /* SwiftUI Xcode Extension */,
				755527C126C0282200A27C2C /* Frameworks */,
				755527AC26C027CB00A27C2C /* Products */,
			);
			sourceTree = "<group>";
		};
		755527AC26C027CB00A27C2C /* Products */ = {
			isa = PBXGroup;
			children = (
				755527AB26C027CB00A27C2C /* SwiftUI Text Tools.app */,
				755527C026C0282200A27C2C /* SwiftUI Xcode Extension.appex */,
			);
			name = Products;
			sourceTree = "<group>";
		};
		755527AD26C027CB00A27C2C /* SwiftUI Text Tools */ = {
			isa = PBXGroup;
			children = (
				755527AE26C027CB00A27C2C /* SwiftUI_Text_ToolsApp.swift */,
				755527B026C027CB00A27C2C /* ContentView.swift */,
				755527B226C027CC00A27C2C /* Assets.xcassets */,
				755527B426C027CC00A27C2C /* Preview Content */,
			);
			path = "SwiftUI Text Tools";
			sourceTree = "<group>";
		};
		755527B426C027CC00A27C2C /* Preview Content */ = {
			isa = PBXGroup;
			children = (
				755527B526C027CC00A27C2C /* Preview Assets.xcassets */,
			);
			path = "Preview Content";
			sourceTree = "<group>";
		};
		755527C126C0282200A27C2C /* Frameworks */ = {
			isa = PBXGroup;
			children = (
				755527C226C0282200A27C2C /* Cocoa.framework */,
				755527C426C0282200A27C2C /* XcodeKit.framework */,
			);
			name = Frameworks;
			sourceTree = "<group>";
		};
		755527C626C0282200A27C2C /* SwiftUI Xcode Extension */ = {
			isa = PBXGroup;
			children = (
				755527D526C02A3F00A27C2C /* SwiftUI Xcode Extension.entitlements */,
				755527C726C0282200A27C2C /* SourceEditorExtension.swift */,
				755527C926C0282200A27C2C /* ToggleBraceLine.swift */,
				759C315126C14DFA00323196 /* XcodeLines.swift */,
				7522588A26C146E7007509EC /* ToggleBraceLines.swift */,
				758C10D926C1D72700B29399 /* FormatLines.swift */,
				755527CB26C0282200A27C2C /* Info.plist */,
			);
			path = "SwiftUI Xcode Extension";
			sourceTree = "<group>";
		};
		75F1E20B26C0896200BCDB46 /* Parser */ = {
			isa = PBXGroup;
			children = (
				75F1E20926C0894900BCDB46 /* FormatError.swift */,
				75F1E20726C0894500BCDB46 /* Parser.swift */,
				75F1E20526C0893F00BCDB46 /* Pref.swift */,
				75F1E20326C0893800BCDB46 /* Preferences.swift */,
				75F1E20126C0891F00BCDB46 /* SwiftParser.swift */,
				75F1E1FF26C0890C00BCDB46 /* Indent.swift */,
			);
			name = Parser;
			path = Swimat/Parser;
			sourceTree = "<group>";
		};
		75F1E21326C089E300BCDB46 /* Extension */ = {
			isa = PBXGroup;
			children = (
				75F1E21126C0899F00BCDB46 /* ExtensionString.swift */,
				75F1E20F26C0899200BCDB46 /* ExtensionChar.swift */,
				75F1E20D26C0898A00BCDB46 /* Extension.swift */,
				758C10D826C1C05600B29399 /* ExtensionCGKeyCode.swift */,
			);
			name = Extension;
			path = Swimat/Parser/Extension;
			sourceTree = "<group>";
		};
/* End PBXGroup section */

/* Begin PBXNativeTarget section */
		755527AA26C027CB00A27C2C /* SwiftUI Text Tools */ = {
			isa = PBXNativeTarget;
			buildConfigurationList = 755527B926C027CC00A27C2C /* Build configuration list for PBXNativeTarget "SwiftUI Text Tools" */;
			buildPhases = (
				755527A726C027CB00A27C2C /* Sources */,
				755527A826C027CB00A27C2C /* Frameworks */,
				755527A926C027CB00A27C2C /* Resources */,
				755527D226C0282300A27C2C /* Embed Foundation Extensions */,
			);
			buildRules = (
			);
			dependencies = (
				755527CD26C0282200A27C2C /* PBXTargetDependency */,
			);
			name = "SwiftUI Text Tools";
			productName = "SwiftUI Text Tools";
			productReference = 755527AB26C027CB00A27C2C /* SwiftUI Text Tools.app */;
			productType = "com.apple.product-type.application";
		};
		755527BF26C0282200A27C2C /* SwiftUI Xcode Extension */ = {
			isa = PBXNativeTarget;
			buildConfigurationList = 755527CF26C0282300A27C2C /* Build configuration list for PBXNativeTarget "SwiftUI Xcode Extension" */;
			buildPhases = (
				755527BC26C0282200A27C2C /* Sources */,
				755527BD26C0282200A27C2C /* Frameworks */,
				755527BE26C0282200A27C2C /* Resources */,
				75F1E1E426C07AAD00BCDB46 /* CopyFiles */,
			);
			buildRules = (
			);
			dependencies = (
			);
			name = "SwiftUI Xcode Extension";
			productName = "SwiftUI Xcode Extension";
			productReference = 755527C026C0282200A27C2C /* SwiftUI Xcode Extension.appex */;
			productType = "com.apple.product-type.xcode-extension";
		};
/* End PBXNativeTarget section */

/* Begin PBXProject section */
		755527A326C027CB00A27C2C /* Project object */ = {
			isa = PBXProject;
			attributes = {
				BuildIndependentTargetsInParallel = 1;
				LastSwiftUpdateCheck = 1300;
				LastUpgradeCheck = 1400;
				TargetAttributes = {
					755527AA26C027CB00A27C2C = {
						CreatedOnToolsVersion = 13.0;
					};
					755527BF26C0282200A27C2C = {
						CreatedOnToolsVersion = 13.0;
					};
				};
			};
			buildConfigurationList = 755527A626C027CB00A27C2C /* Build configuration list for PBXProject "SwiftUI Text Tools" */;
			compatibilityVersion = "Xcode 13.0";
			developmentRegion = en;
			hasScannedForEncodings = 0;
			knownRegions = (
				en,
				Base,
			);
			mainGroup = 755527A226C027CB00A27C2C;
			productRefGroup = 755527AC26C027CB00A27C2C /* Products */;
			projectDirPath = "";
			projectRoot = "";
			targets = (
				755527AA26C027CB00A27C2C /* SwiftUI Text Tools */,
				755527BF26C0282200A27C2C /* SwiftUI Xcode Extension */,
			);
		};
/* End PBXProject section */

/* Begin PBXResourcesBuildPhase section */
		755527A926C027CB00A27C2C /* Resources */ = {
			isa = PBXResourcesBuildPhase;
			buildActionMask = 2147483647;
			files = (
				755527B626C027CC00A27C2C /* Preview Assets.xcassets in Resources */,
				755527B326C027CC00A27C2C /* Assets.xcassets in Resources */,
			);
			runOnlyForDeploymentPostprocessing = 0;
		};
		755527BE26C0282200A27C2C /* Resources */ = {
			isa = PBXResourcesBuildPhase;
			buildActionMask = 2147483647;
			files = (
			);
			runOnlyForDeploymentPostprocessing = 0;
		};
/* End PBXResourcesBuildPhase section */

/* Begin PBXSourcesBuildPhase section */
		755527A726C027CB00A27C2C /* Sources */ = {
			isa = PBXSourcesBuildPhase;
			buildActionMask = 2147483647;
			files = (
				755527B126C027CB00A27C2C /* ContentView.swift in Sources */,
				755527AF26C027CB00A27C2C /* SwiftUI_Text_ToolsApp.swift in Sources */,
			);
			runOnlyForDeploymentPostprocessing = 0;
		};
		755527BC26C0282200A27C2C /* Sources */ = {
			isa = PBXSourcesBuildPhase;
			buildActionMask = 2147483647;
			files = (
				755527C826C0282200A27C2C /* SourceEditorExtension.swift in Sources */,
				755527CA26C0282200A27C2C /* ToggleBraceLine.swift in Sources */,
				758C10DA26C1D72700B29399 /* FormatLines.swift in Sources */,
				75F1E20026C0890D00BCDB46 /* Indent.swift in Sources */,
				7522588B26C146E7007509EC /* ToggleBraceLines.swift in Sources */,
				75F1E20226C0891F00BCDB46 /* SwiftParser.swift in Sources */,
				75F1E20426C0893800BCDB46 /* Preferences.swift in Sources */,
				75F1E20626C0893F00BCDB46 /* Pref.swift in Sources */,
				75F1E20826C0894500BCDB46 /* Parser.swift in Sources */,
				75F1E20A26C0894900BCDB46 /* FormatError.swift in Sources */,
				75F1E20E26C0898A00BCDB46 /* Extension.swift in Sources */,
				759C315226C14DFA00323196 /* XcodeLines.swift in Sources */,
				75F1E21026C0899200BCDB46 /* ExtensionChar.swift in Sources */,
				75F1E21226C0899F00BCDB46 /* ExtensionString.swift in Sources */,
			);
			runOnlyForDeploymentPostprocessing = 0;
		};
/* End PBXSourcesBuildPhase section */

/* Begin PBXTargetDependency section */
		755527CD26C0282200A27C2C /* PBXTargetDependency */ = {
			isa = PBXTargetDependency;
			target = 755527BF26C0282200A27C2C /* SwiftUI Xcode Extension */;
			targetProxy = 755527CC26C0282200A27C2C /* PBXContainerItemProxy */;
		};
/* End PBXTargetDependency section */

/* Begin XCBuildConfiguration section */
		755527B726C027CC00A27C2C /* Debug */ = {
			isa = XCBuildConfiguration;
			buildSettings = {
				ALWAYS_SEARCH_USER_PATHS = NO;
				CLANG_ANALYZER_NONNULL = YES;
				CLANG_ANALYZER_NUMBER_OBJECT_CONVERSION = YES_AGGRESSIVE;
				CLANG_CXX_LANGUAGE_STANDARD = "gnu++14";
				CLANG_CXX_LIBRARY = "libc++";
				CLANG_ENABLE_MODULES = YES;
				CLANG_ENABLE_OBJC_ARC = YES;
				CLANG_ENABLE_OBJC_WEAK = YES;
				CLANG_WARN_BLOCK_CAPTURE_AUTORELEASING = YES;
				CLANG_WARN_BOOL_CONVERSION = YES;
				CLANG_WARN_COMMA = YES;
				CLANG_WARN_CONSTANT_CONVERSION = YES;
				CLANG_WARN_DEPRECATED_OBJC_IMPLEMENTATIONS = YES;
				CLANG_WARN_DIRECT_OBJC_ISA_USAGE = YES_ERROR;
				CLANG_WARN_DOCUMENTATION_COMMENTS = YES;
				CLANG_WARN_EMPTY_BODY = YES;
				CLANG_WARN_ENUM_CONVERSION = YES;
				CLANG_WARN_INFINITE_RECURSION = YES;
				CLANG_WARN_INT_CONVERSION = YES;
				CLANG_WARN_NON_LITERAL_NULL_CONVERSION = YES;
				CLANG_WARN_OBJC_IMPLICIT_RETAIN_SELF = YES;
				CLANG_WARN_OBJC_LITERAL_CONVERSION = YES;
				CLANG_WARN_OBJC_ROOT_CLASS = YES_ERROR;
				CLANG_WARN_QUOTED_INCLUDE_IN_FRAMEWORK_HEADER = YES;
				CLANG_WARN_RANGE_LOOP_ANALYSIS = YES;
				CLANG_WARN_STRICT_PROTOTYPES = YES;
				CLANG_WARN_SUSPICIOUS_MOVE = YES;
				CLANG_WARN_UNGUARDED_AVAILABILITY = YES_AGGRESSIVE;
				CLANG_WARN_UNREACHABLE_CODE = YES;
				CLANG_WARN__DUPLICATE_METHOD_MATCH = YES;
				COPY_PHASE_STRIP = NO;
				DEAD_CODE_STRIPPING = YES;
				DEBUG_INFORMATION_FORMAT = dwarf;
				ENABLE_STRICT_OBJC_MSGSEND = YES;
				ENABLE_TESTABILITY = YES;
				GCC_C_LANGUAGE_STANDARD = gnu11;
				GCC_DYNAMIC_NO_PIC = NO;
				GCC_NO_COMMON_BLOCKS = YES;
				GCC_OPTIMIZATION_LEVEL = 0;
				GCC_PREPROCESSOR_DEFINITIONS = (
					"DEBUG=1",
					"$(inherited)",
				);
				GCC_WARN_64_TO_32_BIT_CONVERSION = YES;
				GCC_WARN_ABOUT_RETURN_TYPE = YES_ERROR;
				GCC_WARN_UNDECLARED_SELECTOR = YES;
				GCC_WARN_UNINITIALIZED_AUTOS = YES_AGGRESSIVE;
				GCC_WARN_UNUSED_FUNCTION = YES;
				GCC_WARN_UNUSED_VARIABLE = YES;
				MACOSX_DEPLOYMENT_TARGET = 12.0;
				MTL_ENABLE_DEBUG_INFO = INCLUDE_SOURCE;
				MTL_FAST_MATH = YES;
				ONLY_ACTIVE_ARCH = YES;
				SDKROOT = macosx;
				SWIFT_ACTIVE_COMPILATION_CONDITIONS = DEBUG;
				SWIFT_OPTIMIZATION_LEVEL = "-Onone";
			};
			name = Debug;
		};
		755527B826C027CC00A27C2C /* Release */ = {
			isa = XCBuildConfiguration;
			buildSettings = {
				ALWAYS_SEARCH_USER_PATHS = NO;
				CLANG_ANALYZER_NONNULL = YES;
				CLANG_ANALYZER_NUMBER_OBJECT_CONVERSION = YES_AGGRESSIVE;
				CLANG_CXX_LANGUAGE_STANDARD = "gnu++14";
				CLANG_CXX_LIBRARY = "libc++";
				CLANG_ENABLE_MODULES = YES;
				CLANG_ENABLE_OBJC_ARC = YES;
				CLANG_ENABLE_OBJC_WEAK = YES;
				CLANG_WARN_BLOCK_CAPTURE_AUTORELEASING = YES;
				CLANG_WARN_BOOL_CONVERSION = YES;
				CLANG_WARN_COMMA = YES;
				CLANG_WARN_CONSTANT_CONVERSION = YES;
				CLANG_WARN_DEPRECATED_OBJC_IMPLEMENTATIONS = YES;
				CLANG_WARN_DIRECT_OBJC_ISA_USAGE = YES_ERROR;
				CLANG_WARN_DOCUMENTATION_COMMENTS = YES;
				CLANG_WARN_EMPTY_BODY = YES;
				CLANG_WARN_ENUM_CONVERSION = YES;
				CLANG_WARN_INFINITE_RECURSION = YES;
				CLANG_WARN_INT_CONVERSION = YES;
				CLANG_WARN_NON_LITERAL_NULL_CONVERSION = YES;
				CLANG_WARN_OBJC_IMPLICIT_RETAIN_SELF = YES;
				CLANG_WARN_OBJC_LITERAL_CONVERSION = YES;
				CLANG_WARN_OBJC_ROOT_CLASS = YES_ERROR;
				CLANG_WARN_QUOTED_INCLUDE_IN_FRAMEWORK_HEADER = YES;
				CLANG_WARN_RANGE_LOOP_ANALYSIS = YES;
				CLANG_WARN_STRICT_PROTOTYPES = YES;
				CLANG_WARN_SUSPICIOUS_MOVE = YES;
				CLANG_WARN_UNGUARDED_AVAILABILITY = YES_AGGRESSIVE;
				CLANG_WARN_UNREACHABLE_CODE = YES;
				CLANG_WARN__DUPLICATE_METHOD_MATCH = YES;
				COPY_PHASE_STRIP = NO;
				DEAD_CODE_STRIPPING = YES;
				DEBUG_INFORMATION_FORMAT = "dwarf-with-dsym";
				ENABLE_NS_ASSERTIONS = NO;
				ENABLE_STRICT_OBJC_MSGSEND = YES;
				GCC_C_LANGUAGE_STANDARD = gnu11;
				GCC_NO_COMMON_BLOCKS = YES;
				GCC_WARN_64_TO_32_BIT_CONVERSION = YES;
				GCC_WARN_ABOUT_RETURN_TYPE = YES_ERROR;
				GCC_WARN_UNDECLARED_SELECTOR = YES;
				GCC_WARN_UNINITIALIZED_AUTOS = YES_AGGRESSIVE;
				GCC_WARN_UNUSED_FUNCTION = YES;
				GCC_WARN_UNUSED_VARIABLE = YES;
				MACOSX_DEPLOYMENT_TARGET = 12.0;
				MTL_ENABLE_DEBUG_INFO = NO;
				MTL_FAST_MATH = YES;
				SDKROOT = macosx;
				SWIFT_COMPILATION_MODE = wholemodule;
				SWIFT_OPTIMIZATION_LEVEL = "-O";
			};
			name = Release;
		};
		755527BA26C027CC00A27C2C /* Debug */ = {
			isa = XCBuildConfiguration;
			buildSettings = {
				ALWAYS_EMBED_SWIFT_STANDARD_LIBRARIES = YES;
				ASSETCATALOG_COMPILER_APPICON_NAME = AppIcon;
				ASSETCATALOG_COMPILER_GLOBAL_ACCENT_COLOR_NAME = AccentColor;
				CODE_SIGN_IDENTITY = "-";
				"CODE_SIGN_IDENTITY[sdk=macosx*]" = "Apple Development";
				CODE_SIGN_STYLE = Automatic;
				COMBINE_HIDPI_IMAGES = YES;
				CURRENT_PROJECT_VERSION = 1;
				DEAD_CODE_STRIPPING = YES;
				DEVELOPMENT_ASSET_PATHS = "\"SwiftUI Text Tools/Preview Content\"";
				DEVELOPMENT_TEAM = BG856GB4D8;
				ENABLE_APP_SANDBOX = YES;
				ENABLE_HARDENED_RUNTIME = YES;
				ENABLE_PREVIEWS = YES;
				ENABLE_USER_SELECTED_FILES = readonly;
				GENERATE_INFOPLIST_FILE = YES;
				INFOPLIST_KEY_NSHumanReadableCopyright = "";
				LD_RUNPATH_SEARCH_PATHS = (
					"$(inherited)",
					"@executable_path/../Frameworks",
				);
				MACOSX_DEPLOYMENT_TARGET = 12.0;
				MARKETING_VERSION = 1.0;
				PRODUCT_BUNDLE_IDENTIFIER = "net.polymicro.SwiftUI-Text-Tools";
				PRODUCT_NAME = "$(TARGET_NAME)";
				SWIFT_EMIT_LOC_STRINGS = YES;
				SWIFT_VERSION = 5.0;
			};
			name = Debug;
		};
		755527BB26C027CC00A27C2C /* Release */ = {
			isa = XCBuildConfiguration;
			buildSettings = {
				ALWAYS_EMBED_SWIFT_STANDARD_LIBRARIES = YES;
				ASSETCATALOG_COMPILER_APPICON_NAME = AppIcon;
				ASSETCATALOG_COMPILER_GLOBAL_ACCENT_COLOR_NAME = AccentColor;
				CODE_SIGN_IDENTITY = "-";
				"CODE_SIGN_IDENTITY[sdk=macosx*]" = "Apple Development";
				CODE_SIGN_STYLE = Automatic;
				COMBINE_HIDPI_IMAGES = YES;
				CURRENT_PROJECT_VERSION = 1;
				DEAD_CODE_STRIPPING = YES;
				DEVELOPMENT_ASSET_PATHS = "\"SwiftUI Text Tools/Preview Content\"";
				DEVELOPMENT_TEAM = BG856GB4D8;
				ENABLE_APP_SANDBOX = YES;
				ENABLE_HARDENED_RUNTIME = YES;
				ENABLE_PREVIEWS = YES;
				ENABLE_USER_SELECTED_FILES = readonly;
				GENERATE_INFOPLIST_FILE = YES;
				INFOPLIST_KEY_NSHumanReadableCopyright = "";
				LD_RUNPATH_SEARCH_PATHS = (
					"$(inherited)",
					"@executable_path/../Frameworks",
				);
				MACOSX_DEPLOYMENT_TARGET = 12.0;
				MARKETING_VERSION = 1.0;
				PRODUCT_BUNDLE_IDENTIFIER = "net.polymicro.SwiftUI-Text-Tools";
				PRODUCT_NAME = "$(TARGET_NAME)";
				SWIFT_EMIT_LOC_STRINGS = YES;
				SWIFT_VERSION = 5.0;
			};
			name = Release;
		};
		755527D026C0282300A27C2C /* Debug */ = {
			isa = XCBuildConfiguration;
			buildSettings = {
				CODE_SIGN_ENTITLEMENTS = "SwiftUI Xcode Extension/SwiftUI Xcode Extension.entitlements";
				CODE_SIGN_IDENTITY = "-";
				"CODE_SIGN_IDENTITY[sdk=macosx*]" = "Apple Development";
				CODE_SIGN_STYLE = Automatic;
				COMBINE_HIDPI_IMAGES = YES;
				CURRENT_PROJECT_VERSION = 1;
				DEAD_CODE_STRIPPING = YES;
				DEVELOPMENT_TEAM = BG856GB4D8;
				ENABLE_APP_SANDBOX = YES;
				ENABLE_HARDENED_RUNTIME = NO;
				GENERATE_INFOPLIST_FILE = YES;
				INFOPLIST_FILE = "SwiftUI Xcode Extension/Info.plist";
				INFOPLIST_KEY_CFBundleDisplayName = "SwiftUI Text Tools";
				INFOPLIST_KEY_CFBundleExecutable = "SwiftUI Xcode Extension";
				INFOPLIST_KEY_CFBundleName = "SwiftUI Tools";
				INFOPLIST_KEY_CFBundleVersion = 1;
				INFOPLIST_KEY_NSHumanReadableCopyright = "";
				LD_RUNPATH_SEARCH_PATHS = (
					"$(inherited)",
					"@executable_path/../Frameworks",
					"@executable_path/../../../../Frameworks",
				);
				MARKETING_VERSION = 1.0;
				PRODUCT_BUNDLE_IDENTIFIER = "net.polymicro.SwiftUI-Text-Tools";
				PRODUCT_NAME = "$(TARGET_NAME)";
				SKIP_INSTALL = YES;
				SWIFT_EMIT_LOC_STRINGS = YES;
				SWIFT_VERSION = 5.0;
			};
			name = Debug;
		};
		755527D126C0282300A27C2C /* Release */ = {
			isa = XCBuildConfiguration;
			buildSettings = {
				CODE_SIGN_ENTITLEMENTS = "SwiftUI Xcode Extension/SwiftUI Xcode Extension.entitlements";
				CODE_SIGN_IDENTITY = "-";
				"CODE_SIGN_IDENTITY[sdk=macosx*]" = "Apple Development";
				CODE_SIGN_STYLE = Automatic;
				COMBINE_HIDPI_IMAGES = YES;
				CURRENT_PROJECT_VERSION = 1;
				DEAD_CODE_STRIPPING = YES;
				DEVELOPMENT_TEAM = BG856GB4D8;
				ENABLE_APP_SANDBOX = YES;
				ENABLE_HARDENED_RUNTIME = NO;
				GENERATE_INFOPLIST_FILE = YES;
				INFOPLIST_FILE = "SwiftUI Xcode Extension/Info.plist";
				INFOPLIST_KEY_CFBundleDisplayName = "SwiftUI Text Tools";
				INFOPLIST_KEY_CFBundleExecutable = "SwiftUI Xcode Extension";
				INFOPLIST_KEY_CFBundleName = "SwiftUI Tools";
				INFOPLIST_KEY_CFBundleVersion = 1;
				INFOPLIST_KEY_NSHumanReadableCopyright = "";
				LD_RUNPATH_SEARCH_PATHS = (
					"$(inherited)",
					"@executable_path/../Frameworks",
					"@executable_path/../../../../Frameworks",
				);
				MARKETING_VERSION = 1.0;
				PRODUCT_BUNDLE_IDENTIFIER = "net.polymicro.SwiftUI-Text-Tools";
				PRODUCT_NAME = "$(TARGET_NAME)";
				SKIP_INSTALL = YES;
				SWIFT_EMIT_LOC_STRINGS = YES;
				SWIFT_VERSION = 5.0;
			};
			name = Release;
		};
/* End XCBuildConfiguration section */

/* Begin XCConfigurationList section */
		755527A626C027CB00A27C2C /* Build configuration list for PBXProject "SwiftUI Text Tools" */ = {
			isa = XCConfigurationList;
			buildConfigurations = (
				755527B726C027CC00A27C2C /* Debug */,
				755527B826C027CC00A27C2C /* Release */,
			);
			defaultConfigurationIsVisible = 0;
			defaultConfigurationName = Release;
		};
		755527B926C027CC00A27C2C /* Build configuration list for PBXNativeTarget "SwiftUI Text Tools" */ = {
			isa = XCConfigurationList;
			buildConfigurations = (
				755527BA26C027CC00A27C2C /* Debug */,
				755527BB26C027CC00A27C2C /* Release */,
			);
			defaultConfigurationIsVisible = 0;
			defaultConfigurationName = Release;
		};
		755527CF26C0282300A27C2C /* Build configuration list for PBXNativeTarget "SwiftUI Xcode Extension" */ = {
			isa = XCConfigurationList;
			buildConfigurations = (
				755527D026C0282300A27C2C /* Debug */,
				755527D126C0282300A27C2C /* Release */,
			);
			defaultConfigurationIsVisible = 0;
			defaultConfigurationName = Release;
		};
/* End XCConfigurationList section */
	};
	rootObject = 755527A326C027CB00A27C2C /* Project object */;
}
